// !$*UTF8*$!
{
	archiveVersion = 1;
	classes = {
	};
	objectVersion = 46;
	objects = {

/* Begin PBXBuildFile section */
		581DB1B71B5250C4001C8F7F /* molarHeat.m in Sources */ = {isa = PBXBuildFile; fileRef = 581DB1B61B5250C4001C8F7F /* molarHeat.m */; };
		588122571B537E620022D94A /* volume.m in Sources */ = {isa = PBXBuildFile; fileRef = 588122561B537E620022D94A /* volume.m */; };
		589604351B71E876008871A1 /* galvanicCell.m in Sources */ = {isa = PBXBuildFile; fileRef = 589604341B71E876008871A1 /* galvanicCell.m */; };
		58C5E4991B42B0FB00D72A3B /* main.m in Sources */ = {isa = PBXBuildFile; fileRef = 58C5E4981B42B0FB00D72A3B /* main.m */; };
		58C5E49C1B42B0FB00D72A3B /* AppDelegate.m in Sources */ = {isa = PBXBuildFile; fileRef = 58C5E49B1B42B0FB00D72A3B /* AppDelegate.m */; };
		58C5E49F1B42B0FB00D72A3B /* ViewController.m in Sources */ = {isa = PBXBuildFile; fileRef = 58C5E49E1B42B0FB00D72A3B /* ViewController.m */; };
		58C5E4A21B42B0FB00D72A3B /* Main.storyboard in Resources */ = {isa = PBXBuildFile; fileRef = 58C5E4A01B42B0FB00D72A3B /* Main.storyboard */; };
		58C5E4A41B42B0FB00D72A3B /* Images.xcassets in Resources */ = {isa = PBXBuildFile; fileRef = 58C5E4A31B42B0FB00D72A3B /* Images.xcassets */; };
		58C5E4A71B42B0FB00D72A3B /* LaunchScreen.xib in Resources */ = {isa = PBXBuildFile; fileRef = 58C5E4A51B42B0FB00D72A3B /* LaunchScreen.xib */; };
		58C5E4B31B42B0FB00D72A3B /* ElementQuizTests.m in Sources */ = {isa = PBXBuildFile; fileRef = 58C5E4B21B42B0FB00D72A3B /* ElementQuizTests.m */; };
		58C5E4BD1B42B12F00D72A3B /* elements.plist in Resources */ = {isa = PBXBuildFile; fileRef = 58C5E4BC1B42B12F00D72A3B /* elements.plist */; };
		58D1175A1B528B80005ED589 /* moles.m in Sources */ = {isa = PBXBuildFile; fileRef = 58D117591B528B80005ED589 /* moles.m */; };
		58EDFA281B786D5500C8DEF8 /* voltages.plist in Resources */ = {isa = PBXBuildFile; fileRef = 58EDFA271B786D5500C8DEF8 /* voltages.plist */; };
/* End PBXBuildFile section */

/* Begin PBXContainerItemProxy section */
		58C5E4AD1B42B0FB00D72A3B /* PBXContainerItemProxy */ = {
			isa = PBXContainerItemProxy;
			containerPortal = 58C5E48B1B42B0FB00D72A3B /* Project object */;
			proxyType = 1;
			remoteGlobalIDString = 58C5E4921B42B0FB00D72A3B;
			remoteInfo = ElementQuiz;
		};
/* End PBXContainerItemProxy section */

/* Begin PBXFileReference section */
		581DB1B61B5250C4001C8F7F /* molarHeat.m */ = {isa = PBXFileReference; fileEncoding = 4; lastKnownFileType = sourcecode.c.objc; path = molarHeat.m; sourceTree = "<group>"; };
		581DB1B81B525110001C8F7F /* molarHeat.h */ = {isa = PBXFileReference; lastKnownFileType = sourcecode.c.h; path = molarHeat.h; sourceTree = "<group>"; };
		588122561B537E620022D94A /* volume.m */ = {isa = PBXFileReference; fileEncoding = 4; lastKnownFileType = sourcecode.c.objc; path = volume.m; sourceTree = "<group>"; };
		588122581B537E6E0022D94A /* volume.h */ = {isa = PBXFileReference; lastKnownFileType = sourcecode.c.h; path = volume.h; sourceTree = "<group>"; };
		589604331B71E85A008871A1 /* galvanicCell.h */ = {isa = PBXFileReference; lastKnownFileType = sourcecode.c.h; path = galvanicCell.h; sourceTree = "<group>"; };
		589604341B71E876008871A1 /* galvanicCell.m */ = {isa = PBXFileReference; fileEncoding = 4; lastKnownFileType = sourcecode.c.objc; path = galvanicCell.m; sourceTree = "<group>"; };
		58C5E4931B42B0FB00D72A3B /* ElementQuiz.app */ = {isa = PBXFileReference; explicitFileType = wrapper.application; includeInIndex = 0; path = ElementQuiz.app; sourceTree = BUILT_PRODUCTS_DIR; };
		58C5E4971B42B0FB00D72A3B /* Info.plist */ = {isa = PBXFileReference; lastKnownFileType = text.plist.xml; path = Info.plist; sourceTree = "<group>"; };
		58C5E4981B42B0FB00D72A3B /* main.m */ = {isa = PBXFileReference; lastKnownFileType = sourcecode.c.objc; path = main.m; sourceTree = "<group>"; };
		58C5E49A1B42B0FB00D72A3B /* AppDelegate.h */ = {isa = PBXFileReference; lastKnownFileType = sourcecode.c.h; path = AppDelegate.h; sourceTree = "<group>"; };
		58C5E49B1B42B0FB00D72A3B /* AppDelegate.m */ = {isa = PBXFileReference; lastKnownFileType = sourcecode.c.objc; path = AppDelegate.m; sourceTree = "<group>"; };
		58C5E49D1B42B0FB00D72A3B /* ViewController.h */ = {isa = PBXFileReference; lastKnownFileType = sourcecode.c.h; path = ViewController.h; sourceTree = "<group>"; };
		58C5E49E1B42B0FB00D72A3B /* ViewController.m */ = {isa = PBXFileReference; lastKnownFileType = sourcecode.c.objc; path = ViewController.m; sourceTree = "<group>"; };
		58C5E4A11B42B0FB00D72A3B /* Base */ = {isa = PBXFileReference; lastKnownFileType = file.storyboard; name = Base; path = Base.lproj/Main.storyboard; sourceTree = "<group>"; };
		58C5E4A31B42B0FB00D72A3B /* Images.xcassets */ = {isa = PBXFileReference; lastKnownFileType = folder.assetcatalog; path = Images.xcassets; sourceTree = "<group>"; };
		58C5E4A61B42B0FB00D72A3B /* Base */ = {isa = PBXFileReference; lastKnownFileType = file.xib; name = Base; path = Base.lproj/LaunchScreen.xib; sourceTree = "<group>"; };
		58C5E4AC1B42B0FB00D72A3B /* ElementQuizTests.xctest */ = {isa = PBXFileReference; explicitFileType = wrapper.cfbundle; includeInIndex = 0; path = ElementQuizTests.xctest; sourceTree = BUILT_PRODUCTS_DIR; };
		58C5E4B11B42B0FB00D72A3B /* Info.plist */ = {isa = PBXFileReference; lastKnownFileType = text.plist.xml; path = Info.plist; sourceTree = "<group>"; };
		58C5E4B21B42B0FB00D72A3B /* ElementQuizTests.m */ = {isa = PBXFileReference; lastKnownFileType = sourcecode.c.objc; path = ElementQuizTests.m; sourceTree = "<group>"; };
		58C5E4BC1B42B12F00D72A3B /* elements.plist */ = {isa = PBXFileReference; fileEncoding = 4; lastKnownFileType = text.plist.xml; path = elements.plist; sourceTree = "<group>"; };
		58D117581B528B73005ED589 /* moles.h */ = {isa = PBXFileReference; lastKnownFileType = sourcecode.c.h; path = moles.h; sourceTree = "<group>"; };
		58D117591B528B80005ED589 /* moles.m */ = {isa = PBXFileReference; fileEncoding = 4; lastKnownFileType = sourcecode.c.objc; path = moles.m; sourceTree = "<group>"; };
		58EDFA271B786D5500C8DEF8 /* voltages.plist */ = {isa = PBXFileReference; fileEncoding = 4; lastKnownFileType = text.plist.xml; path = voltages.plist; sourceTree = "<group>"; };
/* End PBXFileReference section */

/* Begin PBXFrameworksBuildPhase section */
		58C5E4901B42B0FB00D72A3B /* Frameworks */ = {
			isa = PBXFrameworksBuildPhase;
			buildActionMask = 2147483647;
			files = (
			);
			runOnlyForDeploymentPostprocessing = 0;
		};
		58C5E4A91B42B0FB00D72A3B /* Frameworks */ = {
			isa = PBXFrameworksBuildPhase;
			buildActionMask = 2147483647;
			files = (
			);
			runOnlyForDeploymentPostprocessing = 0;
		};
/* End PBXFrameworksBuildPhase section */

/* Begin PBXGroup section */
		58C5E48A1B42B0FB00D72A3B = {
			isa = PBXGroup;
			children = (
				58C5E4951B42B0FB00D72A3B /* ElementQuiz */,
				58C5E4AF1B42B0FB00D72A3B /* ElementQuizTests */,
				58C5E4941B42B0FB00D72A3B /* Products */,
			);
			sourceTree = "<group>";
		};
		58C5E4941B42B0FB00D72A3B /* Products */ = {
			isa = PBXGroup;
			children = (
				58C5E4931B42B0FB00D72A3B /* ElementQuiz.app */,
				58C5E4AC1B42B0FB00D72A3B /* ElementQuizTests.xctest */,
			);
			name = Products;
			sourceTree = "<group>";
		};
		58C5E4951B42B0FB00D72A3B /* ElementQuiz */ = {
			isa = PBXGroup;
			children = (
				58C5E49A1B42B0FB00D72A3B /* AppDelegate.h */,
				58C5E49B1B42B0FB00D72A3B /* AppDelegate.m */,
				58C5E49D1B42B0FB00D72A3B /* ViewController.h */,
				58C5E49E1B42B0FB00D72A3B /* ViewController.m */,
				581DB1B81B525110001C8F7F /* molarHeat.h */,
				581DB1B61B5250C4001C8F7F /* molarHeat.m */,
				58D117581B528B73005ED589 /* moles.h */,
				58D117591B528B80005ED589 /* moles.m */,
				589604331B71E85A008871A1 /* galvanicCell.h */,
				589604341B71E876008871A1 /* galvanicCell.m */,
				58C5E4A01B42B0FB00D72A3B /* Main.storyboard */,
				588122561B537E620022D94A /* volume.m */,
				588122581B537E6E0022D94A /* volume.h */,
				58C5E4BC1B42B12F00D72A3B /* elements.plist */,
				58EDFA271B786D5500C8DEF8 /* voltages.plist */,
				58C5E4A31B42B0FB00D72A3B /* Images.xcassets */,
				58C5E4A51B42B0FB00D72A3B /* LaunchScreen.xib */,
				58C5E4961B42B0FB00D72A3B /* Supporting Files */,
			);
			path = ElementQuiz;
			sourceTree = "<group>";
		};
		58C5E4961B42B0FB00D72A3B /* Supporting Files */ = {
			isa = PBXGroup;
			children = (
				58C5E4971B42B0FB00D72A3B /* Info.plist */,
				58C5E4981B42B0FB00D72A3B /* main.m */,
			);
			name = "Supporting Files";
			sourceTree = "<group>";
		};
		58C5E4AF1B42B0FB00D72A3B /* ElementQuizTests */ = {
			isa = PBXGroup;
			children = (
				58C5E4B21B42B0FB00D72A3B /* ElementQuizTests.m */,
				58C5E4B01B42B0FB00D72A3B /* Supporting Files */,
			);
			path = ElementQuizTests;
			sourceTree = "<group>";
		};
		58C5E4B01B42B0FB00D72A3B /* Supporting Files */ = {
			isa = PBXGroup;
			children = (
				58C5E4B11B42B0FB00D72A3B /* Info.plist */,
			);
			name = "Supporting Files";
			sourceTree = "<group>";
		};
/* End PBXGroup section */

/* Begin PBXNativeTarget section */
		58C5E4921B42B0FB00D72A3B /* ElementQuiz */ = {
			isa = PBXNativeTarget;
			buildConfigurationList = 58C5E4B61B42B0FB00D72A3B /* Build configuration list for PBXNativeTarget "ElementQuiz" */;
			buildPhases = (
				58C5E48F1B42B0FB00D72A3B /* Sources */,
				58C5E4901B42B0FB00D72A3B /* Frameworks */,
				58C5E4911B42B0FB00D72A3B /* Resources */,
			);
			buildRules = (
			);
			dependencies = (
			);
			name = ElementQuiz;
			productName = ElementQuiz;
			productReference = 58C5E4931B42B0FB00D72A3B /* ElementQuiz.app */;
			productType = "com.apple.product-type.application";
		};
		58C5E4AB1B42B0FB00D72A3B /* ElementQuizTests */ = {
			isa = PBXNativeTarget;
			buildConfigurationList = 58C5E4B91B42B0FB00D72A3B /* Build configuration list for PBXNativeTarget "ElementQuizTests" */;
			buildPhases = (
				58C5E4A81B42B0FB00D72A3B /* Sources */,
				58C5E4A91B42B0FB00D72A3B /* Frameworks */,
				58C5E4AA1B42B0FB00D72A3B /* Resources */,
			);
			buildRules = (
			);
			dependencies = (
				58C5E4AE1B42B0FB00D72A3B /* PBXTargetDependency */,
			);
			name = ElementQuizTests;
			productName = ElementQuizTests;
			productReference = 58C5E4AC1B42B0FB00D72A3B /* ElementQuizTests.xctest */;
			productType = "com.apple.product-type.bundle.unit-test";
		};
/* End PBXNativeTarget section */

/* Begin PBXProject section */
		58C5E48B1B42B0FB00D72A3B /* Project object */ = {
			isa = PBXProject;
			attributes = {
				LastUpgradeCheck = 0630;
				ORGANIZATIONNAME = "Jack Pascoe";
				TargetAttributes = {
					58C5E4921B42B0FB00D72A3B = {
						CreatedOnToolsVersion = 6.3.2;
					};
					58C5E4AB1B42B0FB00D72A3B = {
						CreatedOnToolsVersion = 6.3.2;
						TestTargetID = 58C5E4921B42B0FB00D72A3B;
					};
				};
			};
			buildConfigurationList = 58C5E48E1B42B0FB00D72A3B /* Build configuration list for PBXProject "ElementQuiz" */;
			compatibilityVersion = "Xcode 3.2";
			developmentRegion = English;
			hasScannedForEncodings = 0;
			knownRegions = (
				en,
				Base,
			);
			mainGroup = 58C5E48A1B42B0FB00D72A3B;
			productRefGroup = 58C5E4941B42B0FB00D72A3B /* Products */;
			projectDirPath = "";
			projectRoot = "";
			targets = (
				58C5E4921B42B0FB00D72A3B /* ElementQuiz */,
				58C5E4AB1B42B0FB00D72A3B /* ElementQuizTests */,
			);
		};
/* End PBXProject section */

/* Begin PBXResourcesBuildPhase section */
		58C5E4911B42B0FB00D72A3B /* Resources */ = {
			isa = PBXResourcesBuildPhase;
			buildActionMask = 2147483647;
			files = (
				58EDFA281B786D5500C8DEF8 /* voltages.plist in Resources */,
				58C5E4A21B42B0FB00D72A3B /* Main.storyboard in Resources */,
				58C5E4BD1B42B12F00D72A3B /* elements.plist in Resources */,
				58C5E4A71B42B0FB00D72A3B /* LaunchScreen.xib in Resources */,
				58C5E4A41B42B0FB00D72A3B /* Images.xcassets in Resources */,
			);
			runOnlyForDeploymentPostprocessing = 0;
		};
		58C5E4AA1B42B0FB00D72A3B /* Resources */ = {
			isa = PBXResourcesBuildPhase;
			buildActionMask = 2147483647;
			files = (
			);
			runOnlyForDeploymentPostprocessing = 0;
		};
/* End PBXResourcesBuildPhase section */

/* Begin PBXSourcesBuildPhase section */
		58C5E48F1B42B0FB00D72A3B /* Sources */ = {
			isa = PBXSourcesBuildPhase;
			buildActionMask = 2147483647;
			files = (
				589604351B71E876008871A1 /* galvanicCell.m in Sources */,
				58D1175A1B528B80005ED589 /* moles.m in Sources */,
				58C5E49F1B42B0FB00D72A3B /* ViewController.m in Sources */,
				58C5E49C1B42B0FB00D72A3B /* AppDelegate.m in Sources */,
				588122571B537E620022D94A /* volume.m in Sources */,
				58C5E4991B42B0FB00D72A3B /* main.m in Sources */,
				581DB1B71B5250C4001C8F7F /* molarHeat.m in Sources */,
			);
			runOnlyForDeploymentPostprocessing = 0;
		};
		58C5E4A81B42B0FB00D72A3B /* Sources */ = {
			isa = PBXSourcesBuildPhase;
			buildActionMask = 2147483647;
			files = (
				58C5E4B31B42B0FB00D72A3B /* ElementQuizTests.m in Sources */,
			);
			runOnlyForDeploymentPostprocessing = 0;
		};
/* End PBXSourcesBuildPhase section */

/* Begin PBXTargetDependency section */
		58C5E4AE1B42B0FB00D72A3B /* PBXTargetDependency */ = {
			isa = PBXTargetDependency;
			target = 58C5E4921B42B0FB00D72A3B /* ElementQuiz */;
			targetProxy = 58C5E4AD1B42B0FB00D72A3B /* PBXContainerItemProxy */;
		};
/* End PBXTargetDependency section */

/* Begin PBXVariantGroup section */
		58C5E4A01B42B0FB00D72A3B /* Main.storyboard */ = {
			isa = PBXVariantGroup;
			children = (
				58C5E4A11B42B0FB00D72A3B /* Base */,
			);
			name = Main.storyboard;
			sourceTree = "<group>";
		};
		58C5E4A51B42B0FB00D72A3B /* LaunchScreen.xib */ = {
			isa = PBXVariantGroup;
			children = (
				58C5E4A61B42B0FB00D72A3B /* Base */,
			);
			name = LaunchScreen.xib;
			sourceTree = "<group>";
		};
/* End PBXVariantGroup section */

/* Begin XCBuildConfiguration section */
		58C5E4B41B42B0FB00D72A3B /* Debug */ = {
			isa = XCBuildConfiguration;
			buildSettings = {
				ALWAYS_SEARCH_USER_PATHS = NO;
				CLANG_CXX_LANGUAGE_STANDARD = "gnu++0x";
				CLANG_CXX_LIBRARY = "libc++";
				CLANG_ENABLE_MODULES = YES;
				CLANG_ENABLE_OBJC_ARC = YES;
				CLANG_WARN_BOOL_CONVERSION = YES;
				CLANG_WARN_CONSTANT_CONVERSION = YES;
				CLANG_WARN_DIRECT_OBJC_ISA_USAGE = YES_ERROR;
				CLANG_WARN_EMPTY_BODY = YES;
				CLANG_WARN_ENUM_CONVERSION = YES;
				CLANG_WARN_INT_CONVERSION = YES;
				CLANG_WARN_OBJC_ROOT_CLASS = YES_ERROR;
				CLANG_WARN_UNREACHABLE_CODE = YES;
				CLANG_WARN__DUPLICATE_METHOD_MATCH = YES;
				"CODE_SIGN_IDENTITY[sdk=iphoneos*]" = "iPhone Developer";
				COPY_PHASE_STRIP = NO;
				DEBUG_INFORMATION_FORMAT = "dwarf-with-dsym";
				ENABLE_STRICT_OBJC_MSGSEND = YES;
				GCC_C_LANGUAGE_STANDARD = gnu99;
				GCC_DYNAMIC_NO_PIC = NO;
				GCC_NO_COMMON_BLOCKS = YES;
				GCC_OPTIMIZATION_LEVEL = 0;
				GCC_PREPROCESSOR_DEFINITIONS = (
					"DEBUG=1",
					"$(inherited)",
				);
				GCC_SYMBOLS_PRIVATE_EXTERN = NO;
				GCC_WARN_64_TO_32_BIT_CONVERSION = YES;
				GCC_WARN_ABOUT_RETURN_TYPE = YES_ERROR;
				GCC_WARN_UNDECLARED_SELECTOR = YES;
				GCC_WARN_UNINITIALIZED_AUTOS = YES_AGGRESSIVE;
				GCC_WARN_UNUSED_FUNCTION = YES;
				GCC_WARN_UNUSED_VARIABLE = YES;
				IPHONEOS_DEPLOYMENT_TARGET = 8.3;
				MTL_ENABLE_DEBUG_INFO = YES;
				ONLY_ACTIVE_ARCH = YES;
				SDKROOT = iphoneos;
				TARGETED_DEVICE_FAMILY = "1,2";
			};
			name = Debug;
		};
		58C5E4B51B42B0FB00D72A3B /* Release */ = {
			isa = XCBuildConfiguration;
			buildSettings = {
				ALWAYS_SEARCH_USER_PATHS = NO;
				CLANG_CXX_LANGUAGE_STANDARD = "gnu++0x";
				CLANG_CXX_LIBRARY = "libc++";
				CLANG_ENABLE_MODULES = YES;
				CLANG_ENABLE_OBJC_ARC = YES;
				CLANG_WARN_BOOL_CONVERSION = YES;
				CLANG_WARN_CONSTANT_CONVERSION = YES;
				CLANG_WARN_DIRECT_OBJC_ISA_USAGE = YES_ERROR;
				CLANG_WARN_EMPTY_BODY = YES;
				CLANG_WARN_ENUM_CONVERSION = YES;
				CLANG_WARN_INT_CONVERSION = YES;
				CLANG_WARN_OBJC_ROOT_CLASS = YES_ERROR;
				CLANG_WARN_UNREACHABLE_CODE = YES;
				CLANG_WARN__DUPLICATE_METHOD_MATCH = YES;
				"CODE_SIGN_IDENTITY[sdk=iphoneos*]" = "iPhone Developer";
				COPY_PHASE_STRIP = NO;
				DEBUG_INFORMATION_FORMAT = "dwarf-with-dsym";
				ENABLE_NS_ASSERTIONS = NO;
				ENABLE_STRICT_OBJC_MSGSEND = YES;
				GCC_C_LANGUAGE_STANDARD = gnu99;
				GCC_NO_COMMON_BLOCKS = YES;
				GCC_WARN_64_TO_32_BIT_CONVERSION = YES;
				GCC_WARN_ABOUT_RETURN_TYPE = YES_ERROR;
				GCC_WARN_UNDECLARED_SELECTOR = YES;
				GCC_WARN_UNINITIALIZED_AUTOS = YES_AGGRESSIVE;
				GCC_WARN_UNUSED_FUNCTION = YES;
				GCC_WARN_UNUSED_VARIABLE = YES;
				IPHONEOS_DEPLOYMENT_TARGET = 8.3;
				MTL_ENABLE_DEBUG_INFO = NO;
				SDKROOT = iphoneos;
				TARGETED_DEVICE_FAMILY = "1,2";
				VALIDATE_PRODUCT = YES;
			};
			name = Release;
		};
		58C5E4B71B42B0FB00D72A3B /* Debug */ = {
			isa = XCBuildConfiguration;
			buildSettings = {
				ASSETCATALOG_COMPILER_APPICON_NAME = AppIcon;
				INFOPLIST_FILE = ElementQuiz/Info.plist;
				LD_RUNPATH_SEARCH_PATHS = "$(inherited) @executable_path/Frameworks";
				PRODUCT_NAME = "$(TARGET_NAME)";
			};
			name = Debug;
		};
		58C5E4B81B42B0FB00D72A3B /* Release */ = {
			isa = XCBuildConfiguration;
			buildSettings = {
				ASSETCATALOG_COMPILER_APPICON_NAME = AppIcon;
				INFOPLIST_FILE = ElementQuiz/Info.plist;
				LD_RUNPATH_SEARCH_PATHS = "$(inherited) @executable_path/Frameworks";
				PRODUCT_NAME = "$(TARGET_NAME)";
			};
			name = Release;
		};
		58C5E4BA1B42B0FB00D72A3B /* Debug */ = {
			isa = XCBuildConfiguration;
			buildSettings = {
				BUNDLE_LOADER = "$(TEST_HOST)";
				FRAMEWORK_SEARCH_PATHS = (
					"$(SDKROOT)/Developer/Library/Frameworks",
					"$(inherited)",
				);
				GCC_PREPROCESSOR_DEFINITIONS = (
					"DEBUG=1",
					"$(inherited)",
				);
				INFOPLIST_FILE = ElementQuizTests/Info.plist;
				LD_RUNPATH_SEARCH_PATHS = "$(inherited) @executable_path/Frameworks @loader_path/Frameworks";
				PRODUCT_NAME = "$(TARGET_NAME)";
				TEST_HOST = "$(BUILT_PRODUCTS_DIR)/ElementQuiz.app/ElementQuiz";
			};
			name = Debug;
		};
		58C5E4BB1B42B0FB00D72A3B /* Release */ = {
			isa = XCBuildConfiguration;
			buildSettings = {
				BUNDLE_LOADER = "$(TEST_HOST)";
				FRAMEWORK_SEARCH_PATHS = (
					"$(SDKROOT)/Developer/Library/Frameworks",
					"$(inherited)",
				);
				INFOPLIST_FILE = ElementQuizTests/Info.plist;
				LD_RUNPATH_SEARCH_PATHS = "$(inherited) @executable_path/Frameworks @loader_path/Frameworks";
				PRODUCT_NAME = "$(TARGET_NAME)";
				TEST_HOST = "$(BUILT_PRODUCTS_DIR)/ElementQuiz.app/ElementQuiz";
			};
			name = Release;
		};
/* End XCBuildConfiguration section */

/* Begin XCConfigurationList section */
		58C5E48E1B42B0FB00D72A3B /* Build configuration list for PBXProject "ElementQuiz" */ = {
			isa = XCConfigurationList;
			buildConfigurations = (
				58C5E4B41B42B0FB00D72A3B /* Debug */,
				58C5E4B51B42B0FB00D72A3B /* Release */,
			);
			defaultConfigurationIsVisible = 0;
			defaultConfigurationName = Release;
		};
		58C5E4B61B42B0FB00D72A3B /* Build configuration list for PBXNativeTarget "ElementQuiz" */ = {
			isa = XCConfigurationList;
			buildConfigurations = (
				58C5E4B71B42B0FB00D72A3B /* Debug */,
				58C5E4B81B42B0FB00D72A3B /* Release */,
			);
			defaultConfigurationIsVisible = 0;
			defaultConfigurationName = Release;
		};
		58C5E4B91B42B0FB00D72A3B /* Build configuration list for PBXNativeTarget "ElementQuizTests" */ = {
			isa = XCConfigurationList;
			buildConfigurations = (
				58C5E4BA1B42B0FB00D72A3B /* Debug */,
				58C5E4BB1B42B0FB00D72A3B /* Release */,
			);
			defaultConfigurationIsVisible = 0;
			defaultConfigurationName = Release;
		};
/* End XCConfigurationList section */
	};
	rootObject = 58C5E48B1B42B0FB00D72A3B /* Project object */;
}
